// !$*UTF8*$!
{
	archiveVersion = 1;
	classes = {
	};
	objectVersion = 56;
	objects = {

/* Begin PBXBuildFile section */
		23E2A6A22A65E82E00C20C15 /* ShondonApp.swift in Sources */ = {isa = PBXBuildFile; fileRef = 23E2A6A12A65E82E00C20C15 /* ShondonApp.swift */; };
		23E2A6A42A65E82E00C20C15 /* ContentView.swift in Sources */ = {isa = PBXBuildFile; fileRef = 23E2A6A32A65E82E00C20C15 /* ContentView.swift */; };
		23E2A6A62A65E83000C20C15 /* Assets.xcassets in Resources */ = {isa = PBXBuildFile; fileRef = 23E2A6A52A65E83000C20C15 /* Assets.xcassets */; };
		23E2A6AA2A65E83000C20C15 /* Preview Assets.xcassets in Resources */ = {isa = PBXBuildFile; fileRef = 23E2A6A92A65E83000C20C15 /* Preview Assets.xcassets */; };
		23E2A6B42A65E83000C20C15 /* ShondonTests.swift in Sources */ = {isa = PBXBuildFile; fileRef = 23E2A6B32A65E83000C20C15 /* ShondonTests.swift */; };
		23E2A6BE2A65E83000C20C15 /* ShondonUITests.swift in Sources */ = {isa = PBXBuildFile; fileRef = 23E2A6BD2A65E83000C20C15 /* ShondonUITests.swift */; };
		23E2A6C02A65E83000C20C15 /* ShondonUITestsLaunchTests.swift in Sources */ = {isa = PBXBuildFile; fileRef = 23E2A6BF2A65E83000C20C15 /* ShondonUITestsLaunchTests.swift */; };
/* End PBXBuildFile section */

/* Begin PBXContainerItemProxy section */
		23E2A6B02A65E83000C20C15 /* PBXContainerItemProxy */ = {
			isa = PBXContainerItemProxy;
			containerPortal = 23E2A6962A65E82E00C20C15 /* Project object */;
			proxyType = 1;
			remoteGlobalIDString = 23E2A69D2A65E82E00C20C15;
			remoteInfo = Shondon;
		};
		23E2A6BA2A65E83000C20C15 /* PBXContainerItemProxy */ = {
			isa = PBXContainerItemProxy;
			containerPortal = 23E2A6962A65E82E00C20C15 /* Project object */;
			proxyType = 1;
			remoteGlobalIDString = 23E2A69D2A65E82E00C20C15;
			remoteInfo = Shondon;
		};
/* End PBXContainerItemProxy section */

/* Begin PBXFileReference section */
		23E2A69E2A65E82E00C20C15 /* Shondon.app */ = {isa = PBXFileReference; explicitFileType = wrapper.application; includeInIndex = 0; path = Shondon.app; sourceTree = BUILT_PRODUCTS_DIR; };
		23E2A6A12A65E82E00C20C15 /* ShondonApp.swift */ = {isa = PBXFileReference; lastKnownFileType = sourcecode.swift; path = ShondonApp.swift; sourceTree = "<group>"; };
		23E2A6A32A65E82E00C20C15 /* ContentView.swift */ = {isa = PBXFileReference; lastKnownFileType = sourcecode.swift; path = ContentView.swift; sourceTree = "<group>"; };
		23E2A6A52A65E83000C20C15 /* Assets.xcassets */ = {isa = PBXFileReference; lastKnownFileType = folder.assetcatalog; path = Assets.xcassets; sourceTree = "<group>"; };
		23E2A6A72A65E83000C20C15 /* Shondon.entitlements */ = {isa = PBXFileReference; lastKnownFileType = text.plist.entitlements; path = Shondon.entitlements; sourceTree = "<group>"; };
		23E2A6A92A65E83000C20C15 /* Preview Assets.xcassets */ = {isa = PBXFileReference; lastKnownFileType = folder.assetcatalog; path = "Preview Assets.xcassets"; sourceTree = "<group>"; };
		23E2A6AF2A65E83000C20C15 /* ShondonTests.xctest */ = {isa = PBXFileReference; explicitFileType = wrapper.cfbundle; includeInIndex = 0; path = ShondonTests.xctest; sourceTree = BUILT_PRODUCTS_DIR; };
		23E2A6B32A65E83000C20C15 /* ShondonTests.swift */ = {isa = PBXFileReference; lastKnownFileType = sourcecode.swift; path = ShondonTests.swift; sourceTree = "<group>"; };
		23E2A6B92A65E83000C20C15 /* ShondonUITests.xctest */ = {isa = PBXFileReference; explicitFileType = wrapper.cfbundle; includeInIndex = 0; path = ShondonUITests.xctest; sourceTree = BUILT_PRODUCTS_DIR; };
		23E2A6BD2A65E83000C20C15 /* ShondonUITests.swift */ = {isa = PBXFileReference; lastKnownFileType = sourcecode.swift; path = ShondonUITests.swift; sourceTree = "<group>"; };
		23E2A6BF2A65E83000C20C15 /* ShondonUITestsLaunchTests.swift */ = {isa = PBXFileReference; lastKnownFileType = sourcecode.swift; path = ShondonUITestsLaunchTests.swift; sourceTree = "<group>"; };
/* End PBXFileReference section */

/* Begin PBXFrameworksBuildPhase section */
		23E2A69B2A65E82E00C20C15 /* Frameworks */ = {
			isa = PBXFrameworksBuildPhase;
			buildActionMask = 2147483647;
			files = (
			);
			runOnlyForDeploymentPostprocessing = 0;
		};
		23E2A6AC2A65E83000C20C15 /* Frameworks */ = {
			isa = PBXFrameworksBuildPhase;
			buildActionMask = 2147483647;
			files = (
			);
			runOnlyForDeploymentPostprocessing = 0;
		};
		23E2A6B62A65E83000C20C15 /* Frameworks */ = {
			isa = PBXFrameworksBuildPhase;
			buildActionMask = 2147483647;
			files = (
			);
			runOnlyForDeploymentPostprocessing = 0;
		};
/* End PBXFrameworksBuildPhase section */

/* Begin PBXGroup section */
		23E2A6952A65E82E00C20C15 = {
			isa = PBXGroup;
			children = (
				23E2A6A02A65E82E00C20C15 /* Shondon */,
				23E2A6B22A65E83000C20C15 /* ShondonTests */,
				23E2A6BC2A65E83000C20C15 /* ShondonUITests */,
				23E2A69F2A65E82E00C20C15 /* Products */,
			);
			sourceTree = "<group>";
		};
		23E2A69F2A65E82E00C20C15 /* Products */ = {
			isa = PBXGroup;
			children = (
				23E2A69E2A65E82E00C20C15 /* Shondon.app */,
				23E2A6AF2A65E83000C20C15 /* ShondonTests.xctest */,
				23E2A6B92A65E83000C20C15 /* ShondonUITests.xctest */,
			);
			name = Products;
			sourceTree = "<group>";
		};
		23E2A6A02A65E82E00C20C15 /* Shondon */ = {
			isa = PBXGroup;
			children = (
				23E2A6A12A65E82E00C20C15 /* ShondonApp.swift */,
				23E2A6A32A65E82E00C20C15 /* ContentView.swift */,
				23E2A6A52A65E83000C20C15 /* Assets.xcassets */,
				23E2A6A72A65E83000C20C15 /* Shondon.entitlements */,
				23E2A6A82A65E83000C20C15 /* Preview Content */,
			);
			path = Shondon;
			sourceTree = "<group>";
		};
		23E2A6A82A65E83000C20C15 /* Preview Content */ = {
			isa = PBXGroup;
			children = (
				23E2A6A92A65E83000C20C15 /* Preview Assets.xcassets */,
			);
			path = "Preview Content";
			sourceTree = "<group>";
		};
		23E2A6B22A65E83000C20C15 /* ShondonTests */ = {
			isa = PBXGroup;
			children = (
				23E2A6B32A65E83000C20C15 /* ShondonTests.swift */,
			);
			path = ShondonTests;
			sourceTree = "<group>";
		};
		23E2A6BC2A65E83000C20C15 /* ShondonUITests */ = {
			isa = PBXGroup;
			children = (
				23E2A6BD2A65E83000C20C15 /* ShondonUITests.swift */,
				23E2A6BF2A65E83000C20C15 /* ShondonUITestsLaunchTests.swift */,
			);
			path = ShondonUITests;
			sourceTree = "<group>";
		};
/* End PBXGroup section */

/* Begin PBXNativeTarget section */
		23E2A69D2A65E82E00C20C15 /* Shondon */ = {
			isa = PBXNativeTarget;
			buildConfigurationList = 23E2A6C32A65E83000C20C15 /* Build configuration list for PBXNativeTarget "Shondon" */;
			buildPhases = (
				23E2A69A2A65E82E00C20C15 /* Sources */,
				23E2A69B2A65E82E00C20C15 /* Frameworks */,
				23E2A69C2A65E82E00C20C15 /* Resources */,
			);
			buildRules = (
			);
			dependencies = (
			);
			name = Shondon;
			productName = Shondon;
			productReference = 23E2A69E2A65E82E00C20C15 /* Shondon.app */;
			productType = "com.apple.product-type.application";
		};
		23E2A6AE2A65E83000C20C15 /* ShondonTests */ = {
			isa = PBXNativeTarget;
			buildConfigurationList = 23E2A6C62A65E83000C20C15 /* Build configuration list for PBXNativeTarget "ShondonTests" */;
			buildPhases = (
				23E2A6AB2A65E83000C20C15 /* Sources */,
				23E2A6AC2A65E83000C20C15 /* Frameworks */,
				23E2A6AD2A65E83000C20C15 /* Resources */,
			);
			buildRules = (
			);
			dependencies = (
				23E2A6B12A65E83000C20C15 /* PBXTargetDependency */,
			);
			name = ShondonTests;
			productName = ShondonTests;
			productReference = 23E2A6AF2A65E83000C20C15 /* ShondonTests.xctest */;
			productType = "com.apple.product-type.bundle.unit-test";
		};
		23E2A6B82A65E83000C20C15 /* ShondonUITests */ = {
			isa = PBXNativeTarget;
			buildConfigurationList = 23E2A6C92A65E83000C20C15 /* Build configuration list for PBXNativeTarget "ShondonUITests" */;
			buildPhases = (
				23E2A6B52A65E83000C20C15 /* Sources */,
				23E2A6B62A65E83000C20C15 /* Frameworks */,
				23E2A6B72A65E83000C20C15 /* Resources */,
			);
			buildRules = (
			);
			dependencies = (
				23E2A6BB2A65E83000C20C15 /* PBXTargetDependency */,
			);
			name = ShondonUITests;
			productName = ShondonUITests;
			productReference = 23E2A6B92A65E83000C20C15 /* ShondonUITests.xctest */;
			productType = "com.apple.product-type.bundle.ui-testing";
		};
/* End PBXNativeTarget section */

/* Begin PBXProject section */
		23E2A6962A65E82E00C20C15 /* Project object */ = {
			isa = PBXProject;
			attributes = {
				BuildIndependentTargetsInParallel = 1;
				LastSwiftUpdateCheck = 1430;
				LastUpgradeCheck = 1430;
				TargetAttributes = {
					23E2A69D2A65E82E00C20C15 = {
						CreatedOnToolsVersion = 14.3.1;
					};
					23E2A6AE2A65E83000C20C15 = {
						CreatedOnToolsVersion = 14.3.1;
						TestTargetID = 23E2A69D2A65E82E00C20C15;
					};
					23E2A6B82A65E83000C20C15 = {
						CreatedOnToolsVersion = 14.3.1;
						TestTargetID = 23E2A69D2A65E82E00C20C15;
					};
				};
			};
			buildConfigurationList = 23E2A6992A65E82E00C20C15 /* Build configuration list for PBXProject "Shondon" */;
			compatibilityVersion = "Xcode 14.0";
			developmentRegion = en;
			hasScannedForEncodings = 0;
			knownRegions = (
				en,
				Base,
			);
			mainGroup = 23E2A6952A65E82E00C20C15;
			productRefGroup = 23E2A69F2A65E82E00C20C15 /* Products */;
			projectDirPath = "";
			projectRoot = "";
			targets = (
				23E2A69D2A65E82E00C20C15 /* Shondon */,
				23E2A6AE2A65E83000C20C15 /* ShondonTests */,
				23E2A6B82A65E83000C20C15 /* ShondonUITests */,
			);
		};
/* End PBXProject section */

/* Begin PBXResourcesBuildPhase section */
		23E2A69C2A65E82E00C20C15 /* Resources */ = {
			isa = PBXResourcesBuildPhase;
			buildActionMask = 2147483647;
			files = (
				23E2A6AA2A65E83000C20C15 /* Preview Assets.xcassets in Resources */,
				23E2A6A62A65E83000C20C15 /* Assets.xcassets in Resources */,
			);
			runOnlyForDeploymentPostprocessing = 0;
		};
		23E2A6AD2A65E83000C20C15 /* Resources */ = {
			isa = PBXResourcesBuildPhase;
			buildActionMask = 2147483647;
			files = (
			);
			runOnlyForDeploymentPostprocessing = 0;
		};
		23E2A6B72A65E83000C20C15 /* Resources */ = {
			isa = PBXResourcesBuildPhase;
			buildActionMask = 2147483647;
			files = (
			);
			runOnlyForDeploymentPostprocessing = 0;
		};
/* End PBXResourcesBuildPhase section */

/* Begin PBXSourcesBuildPhase section */
		23E2A69A2A65E82E00C20C15 /* Sources */ = {
			isa = PBXSourcesBuildPhase;
			buildActionMask = 2147483647;
			files = (
				23E2A6A42A65E82E00C20C15 /* ContentView.swift in Sources */,
				23E2A6A22A65E82E00C20C15 /* ShondonApp.swift in Sources */,
			);
			runOnlyForDeploymentPostprocessing = 0;
		};
		23E2A6AB2A65E83000C20C15 /* Sources */ = {
			isa = PBXSourcesBuildPhase;
			buildActionMask = 2147483647;
			files = (
				23E2A6B42A65E83000C20C15 /* ShondonTests.swift in Sources */,
			);
			runOnlyForDeploymentPostprocessing = 0;
		};
		23E2A6B52A65E83000C20C15 /* Sources */ = {
			isa = PBXSourcesBuildPhase;
			buildActionMask = 2147483647;
			files = (
				23E2A6C02A65E83000C20C15 /* ShondonUITestsLaunchTests.swift in Sources */,
				23E2A6BE2A65E83000C20C15 /* ShondonUITests.swift in Sources */,
			);
			runOnlyForDeploymentPostprocessing = 0;
		};
/* End PBXSourcesBuildPhase section */

/* Begin PBXTargetDependency section */
		23E2A6B12A65E83000C20C15 /* PBXTargetDependency */ = {
			isa = PBXTargetDependency;
			target = 23E2A69D2A65E82E00C20C15 /* Shondon */;
			targetProxy = 23E2A6B02A65E83000C20C15 /* PBXContainerItemProxy */;
		};
		23E2A6BB2A65E83000C20C15 /* PBXTargetDependency */ = {
			isa = PBXTargetDependency;
			target = 23E2A69D2A65E82E00C20C15 /* Shondon */;
			targetProxy = 23E2A6BA2A65E83000C20C15 /* PBXContainerItemProxy */;
		};
/* End PBXTargetDependency section */

/* Begin XCBuildConfiguration section */
		23E2A6C12A65E83000C20C15 /* Debug */ = {
			isa = XCBuildConfiguration;
			buildSettings = {
				ALWAYS_SEARCH_USER_PATHS = NO;
				CLANG_ANALYZER_NONNULL = YES;
				CLANG_ANALYZER_NUMBER_OBJECT_CONVERSION = YES_AGGRESSIVE;
				CLANG_CXX_LANGUAGE_STANDARD = "gnu++20";
				CLANG_ENABLE_MODULES = YES;
				CLANG_ENABLE_OBJC_ARC = YES;
				CLANG_ENABLE_OBJC_WEAK = YES;
				CLANG_WARN_BLOCK_CAPTURE_AUTORELEASING = YES;
				CLANG_WARN_BOOL_CONVERSION = YES;
				CLANG_WARN_COMMA = YES;
				CLANG_WARN_CONSTANT_CONVERSION = YES;
				CLANG_WARN_DEPRECATED_OBJC_IMPLEMENTATIONS = YES;
				CLANG_WARN_DIRECT_OBJC_ISA_USAGE = YES_ERROR;
				CLANG_WARN_DOCUMENTATION_COMMENTS = YES;
				CLANG_WARN_EMPTY_BODY = YES;
				CLANG_WARN_ENUM_CONVERSION = YES;
				CLANG_WARN_INFINITE_RECURSION = YES;
				CLANG_WARN_INT_CONVERSION = YES;
				CLANG_WARN_NON_LITERAL_NULL_CONVERSION = YES;
				CLANG_WARN_OBJC_IMPLICIT_RETAIN_SELF = YES;
				CLANG_WARN_OBJC_LITERAL_CONVERSION = YES;
				CLANG_WARN_OBJC_ROOT_CLASS = YES_ERROR;
				CLANG_WARN_QUOTED_INCLUDE_IN_FRAMEWORK_HEADER = YES;
				CLANG_WARN_RANGE_LOOP_ANALYSIS = YES;
				CLANG_WARN_STRICT_PROTOTYPES = YES;
				CLANG_WARN_SUSPICIOUS_MOVE = YES;
				CLANG_WARN_UNGUARDED_AVAILABILITY = YES_AGGRESSIVE;
				CLANG_WARN_UNREACHABLE_CODE = YES;
				CLANG_WARN__DUPLICATE_METHOD_MATCH = YES;
				COPY_PHASE_STRIP = NO;
				DEBUG_INFORMATION_FORMAT = dwarf;
				ENABLE_STRICT_OBJC_MSGSEND = YES;
				ENABLE_TESTABILITY = YES;
				GCC_C_LANGUAGE_STANDARD = gnu11;
				GCC_DYNAMIC_NO_PIC = NO;
				GCC_NO_COMMON_BLOCKS = YES;
				GCC_OPTIMIZATION_LEVEL = 0;
				GCC_PREPROCESSOR_DEFINITIONS = (
					"DEBUG=1",
					"$(inherited)",
				);
				GCC_WARN_64_TO_32_BIT_CONVERSION = YES;
				GCC_WARN_ABOUT_RETURN_TYPE = YES_ERROR;
				GCC_WARN_UNDECLARED_SELECTOR = YES;
				GCC_WARN_UNINITIALIZED_AUTOS = YES_AGGRESSIVE;
				GCC_WARN_UNUSED_FUNCTION = YES;
				GCC_WARN_UNUSED_VARIABLE = YES;
				MTL_ENABLE_DEBUG_INFO = INCLUDE_SOURCE;
				MTL_FAST_MATH = YES;
				ONLY_ACTIVE_ARCH = YES;
				SWIFT_ACTIVE_COMPILATION_CONDITIONS = DEBUG;
				SWIFT_OPTIMIZATION_LEVEL = "-Onone";
			};
			name = Debug;
		};
		23E2A6C22A65E83000C20C15 /* Release */ = {
			isa = XCBuildConfiguration;
			buildSettings = {
				ALWAYS_SEARCH_USER_PATHS = NO;
				CLANG_ANALYZER_NONNULL = YES;
				CLANG_ANALYZER_NUMBER_OBJECT_CONVERSION = YES_AGGRESSIVE;
				CLANG_CXX_LANGUAGE_STANDARD = "gnu++20";
				CLANG_ENABLE_MODULES = YES;
				CLANG_ENABLE_OBJC_ARC = YES;
				CLANG_ENABLE_OBJC_WEAK = YES;
				CLANG_WARN_BLOCK_CAPTURE_AUTORELEASING = YES;
				CLANG_WARN_BOOL_CONVERSION = YES;
				CLANG_WARN_COMMA = YES;
				CLANG_WARN_CONSTANT_CONVERSION = YES;
				CLANG_WARN_DEPRECATED_OBJC_IMPLEMENTATIONS = YES;
				CLANG_WARN_DIRECT_OBJC_ISA_USAGE = YES_ERROR;
				CLANG_WARN_DOCUMENTATION_COMMENTS = YES;
				CLANG_WARN_EMPTY_BODY = YES;
				CLANG_WARN_ENUM_CONVERSION = YES;
				CLANG_WARN_INFINITE_RECURSION = YES;
				CLANG_WARN_INT_CONVERSION = YES;
				CLANG_WARN_NON_LITERAL_NULL_CONVERSION = YES;
				CLANG_WARN_OBJC_IMPLICIT_RETAIN_SELF = YES;
				CLANG_WARN_OBJC_LITERAL_CONVERSION = YES;
				CLANG_WARN_OBJC_ROOT_CLASS = YES_ERROR;
				CLANG_WARN_QUOTED_INCLUDE_IN_FRAMEWORK_HEADER = YES;
				CLANG_WARN_RANGE_LOOP_ANALYSIS = YES;
				CLANG_WARN_STRICT_PROTOTYPES = YES;
				CLANG_WARN_SUSPICIOUS_MOVE = YES;
				CLANG_WARN_UNGUARDED_AVAILABILITY = YES_AGGRESSIVE;
				CLANG_WARN_UNREACHABLE_CODE = YES;
				CLANG_WARN__DUPLICATE_METHOD_MATCH = YES;
				COPY_PHASE_STRIP = NO;
				DEBUG_INFORMATION_FORMAT = "dwarf-with-dsym";
				ENABLE_NS_ASSERTIONS = NO;
				ENABLE_STRICT_OBJC_MSGSEND = YES;
				GCC_C_LANGUAGE_STANDARD = gnu11;
				GCC_NO_COMMON_BLOCKS = YES;
				GCC_WARN_64_TO_32_BIT_CONVERSION = YES;
				GCC_WARN_ABOUT_RETURN_TYPE = YES_ERROR;
				GCC_WARN_UNDECLARED_SELECTOR = YES;
				GCC_WARN_UNINITIALIZED_AUTOS = YES_AGGRESSIVE;
				GCC_WARN_UNUSED_FUNCTION = YES;
				GCC_WARN_UNUSED_VARIABLE = YES;
				MTL_ENABLE_DEBUG_INFO = NO;
				MTL_FAST_MATH = YES;
				SWIFT_COMPILATION_MODE = wholemodule;
				SWIFT_OPTIMIZATION_LEVEL = "-O";
			};
			name = Release;
		};
		23E2A6C42A65E83000C20C15 /* Debug */ = {
			isa = XCBuildConfiguration;
			buildSettings = {
				ASSETCATALOG_COMPILER_APPICON_NAME = AppIcon;
				ASSETCATALOG_COMPILER_GLOBAL_ACCENT_COLOR_NAME = AccentColor;
				CODE_SIGN_ENTITLEMENTS = Shondon/Shondon.entitlements;
				CODE_SIGN_STYLE = Automatic;
				CURRENT_PROJECT_VERSION = 1;
				DEVELOPMENT_ASSET_PATHS = "\"Shondon/Preview Content\"";
				DEVELOPMENT_TEAM = FY6D88PP57;
				ENABLE_HARDENED_RUNTIME = YES;
				ENABLE_PREVIEWS = YES;
				GENERATE_INFOPLIST_FILE = YES;
				"INFOPLIST_KEY_UIApplicationSceneManifest_Generation[sdk=iphoneos*]" = YES;
				"INFOPLIST_KEY_UIApplicationSceneManifest_Generation[sdk=iphonesimulator*]" = YES;
				"INFOPLIST_KEY_UIApplicationSupportsIndirectInputEvents[sdk=iphoneos*]" = YES;
				"INFOPLIST_KEY_UIApplicationSupportsIndirectInputEvents[sdk=iphonesimulator*]" = YES;
				"INFOPLIST_KEY_UILaunchScreen_Generation[sdk=iphoneos*]" = YES;
				"INFOPLIST_KEY_UILaunchScreen_Generation[sdk=iphonesimulator*]" = YES;
				"INFOPLIST_KEY_UIStatusBarStyle[sdk=iphoneos*]" = UIStatusBarStyleDefault;
				"INFOPLIST_KEY_UIStatusBarStyle[sdk=iphonesimulator*]" = UIStatusBarStyleDefault;
				INFOPLIST_KEY_UISupportedInterfaceOrientations_iPad = "UIInterfaceOrientationPortrait UIInterfaceOrientationPortraitUpsideDown UIInterfaceOrientationLandscapeLeft UIInterfaceOrientationLandscapeRight";
				INFOPLIST_KEY_UISupportedInterfaceOrientations_iPhone = "UIInterfaceOrientationPortrait UIInterfaceOrientationLandscapeLeft UIInterfaceOrientationLandscapeRight";
				IPHONEOS_DEPLOYMENT_TARGET = 16.4;
				LD_RUNPATH_SEARCH_PATHS = "@executable_path/Frameworks";
				"LD_RUNPATH_SEARCH_PATHS[sdk=macosx*]" = "@executable_path/../Frameworks";
				MACOSX_DEPLOYMENT_TARGET = 13.3;
				MARKETING_VERSION = 1.0;
				PRODUCT_BUNDLE_IDENTIFIER = "Cowboy-shondon.Shondon";
				PRODUCT_NAME = "$(TARGET_NAME)";
				SDKROOT = auto;
				SUPPORTED_PLATFORMS = "iphoneos iphonesimulator macosx";
				SWIFT_EMIT_LOC_STRINGS = YES;
				SWIFT_VERSION = 5.0;
				TARGETED_DEVICE_FAMILY = "1,2";
			};
			name = Debug;
		};
		23E2A6C52A65E83000C20C15 /* Release */ = {
			isa = XCBuildConfiguration;
			buildSettings = {
				ASSETCATALOG_COMPILER_APPICON_NAME = AppIcon;
				ASSETCATALOG_COMPILER_GLOBAL_ACCENT_COLOR_NAME = AccentColor;
				CODE_SIGN_ENTITLEMENTS = Shondon/Shondon.entitlements;
				CODE_SIGN_STYLE = Automatic;
				CURRENT_PROJECT_VERSION = 1;
				DEVELOPMENT_ASSET_PATHS = "\"Shondon/Preview Content\"";
				DEVELOPMENT_TEAM = FY6D88PP57;
				ENABLE_HARDENED_RUNTIME = YES;
				ENABLE_PREVIEWS = YES;
				GENERATE_INFOPLIST_FILE = YES;
				"INFOPLIST_KEY_UIApplicationSceneManifest_Generation[sdk=iphoneos*]" = YES;
				"INFOPLIST_KEY_UIApplicationSceneManifest_Generation[sdk=iphonesimulator*]" = YES;
				"INFOPLIST_KEY_UIApplicationSupportsIndirectInputEvents[sdk=iphoneos*]" = YES;
				"INFOPLIST_KEY_UIApplicationSupportsIndirectInputEvents[sdk=iphonesimulator*]" = YES;
				"INFOPLIST_KEY_UILaunchScreen_Generation[sdk=iphoneos*]" = YES;
				"INFOPLIST_KEY_UILaunchScreen_Generation[sdk=iphonesimulator*]" = YES;
				"INFOPLIST_KEY_UIStatusBarStyle[sdk=iphoneos*]" = UIStatusBarStyleDefault;
				"INFOPLIST_KEY_UIStatusBarStyle[sdk=iphonesimulator*]" = UIStatusBarStyleDefault;
				INFOPLIST_KEY_UISupportedInterfaceOrientations_iPad = "UIInterfaceOrientationPortrait UIInterfaceOrientationPortraitUpsideDown UIInterfaceOrientationLandscapeLeft UIInterfaceOrientationLandscapeRight";
				INFOPLIST_KEY_UISupportedInterfaceOrientations_iPhone = "UIInterfaceOrientationPortrait UIInterfaceOrientationLandscapeLeft UIInterfaceOrientationLandscapeRight";
				IPHONEOS_DEPLOYMENT_TARGET = 16.4;
				LD_RUNPATH_SEARCH_PATHS = "@executable_path/Frameworks";
				"LD_RUNPATH_SEARCH_PATHS[sdk=macosx*]" = "@executable_path/../Frameworks";
				MACOSX_DEPLOYMENT_TARGET = 13.3;
				MARKETING_VERSION = 1.0;
				PRODUCT_BUNDLE_IDENTIFIER = "Cowboy-shondon.Shondon";
				PRODUCT_NAME = "$(TARGET_NAME)";
				SDKROOT = auto;
				SUPPORTED_PLATFORMS = "iphoneos iphonesimulator macosx";
				SWIFT_EMIT_LOC_STRINGS = YES;
				SWIFT_VERSION = 5.0;
				TARGETED_DEVICE_FAMILY = "1,2";
			};
			name = Release;
		};
		23E2A6C72A65E83000C20C15 /* Debug */ = {
			isa = XCBuildConfiguration;
			buildSettings = {
				ALWAYS_EMBED_SWIFT_STANDARD_LIBRARIES = YES;
				BUNDLE_LOADER = "$(TEST_HOST)";
				CODE_SIGN_STYLE = Automatic;
				CURRENT_PROJECT_VERSION = 1;
				DEVELOPMENT_TEAM = FY6D88PP57;
				GENERATE_INFOPLIST_FILE = YES;
				IPHONEOS_DEPLOYMENT_TARGET = 16.4;
				MACOSX_DEPLOYMENT_TARGET = 13.3;
				MARKETING_VERSION = 1.0;
				PRODUCT_BUNDLE_IDENTIFIER = "Cowboy-shondon.ShondonTests";
				PRODUCT_NAME = "$(TARGET_NAME)";
				SDKROOT = auto;
				SUPPORTED_PLATFORMS = "iphoneos iphonesimulator macosx";
				SWIFT_EMIT_LOC_STRINGS = NO;
				SWIFT_VERSION = 5.0;
				TARGETED_DEVICE_FAMILY = "1,2";
				TEST_HOST = "$(BUILT_PRODUCTS_DIR)/Shondon.app/$(BUNDLE_EXECUTABLE_FOLDER_PATH)/Shondon";
			};
			name = Debug;
		};
		23E2A6C82A65E83000C20C15 /* Release */ = {
			isa = XCBuildConfiguration;
			buildSettings = {
				ALWAYS_EMBED_SWIFT_STANDARD_LIBRARIES = YES;
				BUNDLE_LOADER = "$(TEST_HOST)";
				CODE_SIGN_STYLE = Automatic;
				CURRENT_PROJECT_VERSION = 1;
				DEVELOPMENT_TEAM = FY6D88PP57;
				GENERATE_INFOPLIST_FILE = YES;
				IPHONEOS_DEPLOYMENT_TARGET = 16.4;
				MACOSX_DEPLOYMENT_TARGET = 13.3;
				MARKETING_VERSION = 1.0;
				PRODUCT_BUNDLE_IDENTIFIER = "Cowboy-shondon.ShondonTests";
				PRODUCT_NAME = "$(TARGET_NAME)";
				SDKROOT = auto;
				SUPPORTED_PLATFORMS = "iphoneos iphonesimulator macosx";
				SWIFT_EMIT_LOC_STRINGS = NO;
				SWIFT_VERSION = 5.0;
				TARGETED_DEVICE_FAMILY = "1,2";
				TEST_HOST = "$(BUILT_PRODUCTS_DIR)/Shondon.app/$(BUNDLE_EXECUTABLE_FOLDER_PATH)/Shondon";
			};
			name = Release;
		};
		23E2A6CA2A65E83000C20C15 /* Debug */ = {
			isa = XCBuildConfiguration;
			buildSettings = {
				ALWAYS_EMBED_SWIFT_STANDARD_LIBRARIES = YES;
				CODE_SIGN_STYLE = Automatic;
				CURRENT_PROJECT_VERSION = 1;
				DEVELOPMENT_TEAM = FY6D88PP57;
				GENERATE_INFOPLIST_FILE = YES;
				IPHONEOS_DEPLOYMENT_TARGET = 16.4;
				MACOSX_DEPLOYMENT_TARGET = 13.3;
				MARKETING_VERSION = 1.0;
				PRODUCT_BUNDLE_IDENTIFIER = "Cowboy-shondon.ShondonUITests";
				PRODUCT_NAME = "$(TARGET_NAME)";
				SDKROOT = auto;
				SUPPORTED_PLATFORMS = "iphoneos iphonesimulator macosx";
				SWIFT_EMIT_LOC_STRINGS = NO;
				SWIFT_VERSION = 5.0;
				TARGETED_DEVICE_FAMILY = "1,2";
				TEST_TARGET_NAME = Shondon;
			};
			name = Debug;
		};
		23E2A6CB2A65E83000C20C15 /* Release */ = {
			isa = XCBuildConfiguration;
			buildSettings = {
				ALWAYS_EMBED_SWIFT_STANDARD_LIBRARIES = YES;
				CODE_SIGN_STYLE = Automatic;
				CURRENT_PROJECT_VERSION = 1;
				DEVELOPMENT_TEAM = FY6D88PP57;
				GENERATE_INFOPLIST_FILE = YES;
				IPHONEOS_DEPLOYMENT_TARGET = 16.4;
				MACOSX_DEPLOYMENT_TARGET = 13.3;
				MARKETING_VERSION = 1.0;
				PRODUCT_BUNDLE_IDENTIFIER = "Cowboy-shondon.ShondonUITests";
				PRODUCT_NAME = "$(TARGET_NAME)";
				SDKROOT = auto;
				SUPPORTED_PLATFORMS = "iphoneos iphonesimulator macosx";
				SWIFT_EMIT_LOC_STRINGS = NO;
				SWIFT_VERSION = 5.0;
				TARGETED_DEVICE_FAMILY = "1,2";
				TEST_TARGET_NAME = Shondon;
			};
			name = Release;
		};
/* End XCBuildConfiguration section */

/* Begin XCConfigurationList section */
		23E2A6992A65E82E00C20C15 /* Build configuration list for PBXProject "Shondon" */ = {
			isa = XCConfigurationList;
			buildConfigurations = (
				23E2A6C12A65E83000C20C15 /* Debug */,
				23E2A6C22A65E83000C20C15 /* Release */,
			);
			defaultConfigurationIsVisible = 0;
			defaultConfigurationName = Release;
		};
		23E2A6C32A65E83000C20C15 /* Build configuration list for PBXNativeTarget "Shondon" */ = {
			isa = XCConfigurationList;
			buildConfigurations = (
				23E2A6C42A65E83000C20C15 /* Debug */,
				23E2A6C52A65E83000C20C15 /* Release */,
			);
			defaultConfigurationIsVisible = 0;
			defaultConfigurationName = Release;
		};
		23E2A6C62A65E83000C20C15 /* Build configuration list for PBXNativeTarget "ShondonTests" */ = {
			isa = XCConfigurationList;
			buildConfigurations = (
				23E2A6C72A65E83000C20C15 /* Debug */,
				23E2A6C82A65E83000C20C15 /* Release */,
			);
			defaultConfigurationIsVisible = 0;
			defaultConfigurationName = Release;
		};
		23E2A6C92A65E83000C20C15 /* Build configuration list for PBXNativeTarget "ShondonUITests" */ = {
			isa = XCConfigurationList;
			buildConfigurations = (
				23E2A6CA2A65E83000C20C15 /* Debug */,
				23E2A6CB2A65E83000C20C15 /* Release */,
			);
			defaultConfigurationIsVisible = 0;
			defaultConfigurationName = Release;
		};
/* End XCConfigurationList section */
	};
	rootObject = 23E2A6962A65E82E00C20C15 /* Project object */;
}
